
Microsoft Visual Studio Solution File, Format Version 12.00
# Visual Studio 2013
VisualStudioVersion = 12.0.21005.1
MinimumVisualStudioVersion = 10.0.40219.1
Project("{FAE04EC0-301F-11D3-BF4B-00C04F79EFBC}") = "Dotsero", "Dotsero\Dotsero.csproj", "{532C8D74-79C6-452C-9A08-D517B51741EC}"
EndProject
Project("{FAE04EC0-301F-11D3-BF4B-00C04F79EFBC}") = "DotseroTest", "DotseroTest\DotseroTest.csproj", "{E96D345F-6AAA-4E1C-ADFC-74E0E8D106CE}"
EndProject
Global
	GlobalSection(SolutionConfigurationPlatforms) = preSolution
		Debug|Any CPU = Debug|Any CPU
		Release|Any CPU = Release|Any CPU
	EndGlobalSection
	GlobalSection(ProjectConfigurationPlatforms) = postSolution
		{532C8D74-79C6-452C-9A08-D517B51741EC}.Debug|Any CPU.ActiveCfg = Debug|Any CPU
		{532C8D74-79C6-452C-9A08-D517B51741EC}.Debug|Any CPU.Build.0 = Debug|Any CPU
		{532C8D74-79C6-452C-9A08-D517B51741EC}.Release|Any CPU.ActiveCfg = Release|Any CPU
		{532C8D74-79C6-452C-9A08-D517B51741EC}.Release|Any CPU.Build.0 = Release|Any CPU
		{E96D345F-6AAA-4E1C-ADFC-74E0E8D106CE}.Debug|Any CPU.ActiveCfg = Debug|Any CPU
		{E96D345F-6AAA-4E1C-ADFC-74E0E8D106CE}.Debug|Any CPU.Build.0 = Debug|Any CPU
		{E96D345F-6AAA-4E1C-ADFC-74E0E8D106CE}.Release|Any CPU.ActiveCfg = Release|Any CPU
		{E96D345F-6AAA-4E1C-ADFC-74E0E8D106CE}.Release|Any CPU.Build.0 = Release|Any CPU
	EndGlobalSection
	GlobalSection(SolutionProperties) = preSolution
		HideSolutionNode = FALSE
	EndGlobalSection
EndGlobal
